
Microsoft Visual Studio Solution File, Format Version 12.00
# Visual Studio Version 16
VisualStudioVersion = 16.0.30804.86
MinimumVisualStudioVersion = 10.0.40219.1
Project("{FAE04EC0-301F-11D3-BF4B-00C04F79EFBC}") = "AddressBookPS5", "AddressBookPS5.csproj", "{A40F5879-7A92-4175-8ADF-5FCBF081B40C}"
EndProject
Global
	GlobalSection(SolutionConfigurationPlatforms) = preSolution
		Debug|Any CPU = Debug|Any CPU
		Release|Any CPU = Release|Any CPU
	EndGlobalSection
	GlobalSection(ProjectConfigurationPlatforms) = postSolution
		{A40F5879-7A92-4175-8ADF-5FCBF081B40C}.Debug|Any CPU.ActiveCfg = Debug|Any CPU
		{A40F5879-7A92-4175-8ADF-5FCBF081B40C}.Debug|Any CPU.Build.0 = Debug|Any CPU
		{A40F5879-7A92-4175-8ADF-5FCBF081B40C}.Release|Any CPU.ActiveCfg = Release|Any CPU
		{A40F5879-7A92-4175-8ADF-5FCBF081B40C}.Release|Any CPU.Build.0 = Release|Any CPU
	EndGlobalSection
	GlobalSection(SolutionProperties) = preSolution
		HideSolutionNode = FALSE
	EndGlobalSection
	GlobalSection(ExtensibilityGlobals) = postSolution
		SolutionGuid = {993DFA6A-92B6-4D3F-8B28-BCFF45650115}
	EndGlobalSection
EndGlobal
